
Microsoft Visual Studio Solution File, Format Version 12.00
# Visual Studio Version 17
VisualStudioVersion = 17.1.32407.343
MinimumVisualStudioVersion = 10.0.40219.1
Project("{2150E333-8FDC-42A3-9474-1A3956D46DE8}") = "src", "src", "{F21AA28A-9C76-4156-A8AC-82051D7D821C}"
EndProject
Project("{2150E333-8FDC-42A3-9474-1A3956D46DE8}") = "test", "test", "{71973B41-D453-4762-B890-01E0C9433DFC}"
EndProject
Project("{2150E333-8FDC-42A3-9474-1A3956D46DE8}") = "Core", "Core", "{A3DC3464-9F35-42E4-847C-623E311BE6C5}"
EndProject
Project("{2150E333-8FDC-42A3-9474-1A3956D46DE8}") = "Infrastructure", "Infrastructure", "{9A3CF5DA-CCE5-4E10-9064-B0E1331711E3}"
EndProject
Project("{9A19103F-16F7-4668-BE54-9A1E7A4F7556}") = "Domain", "src\Core\Domain\Domain.csproj", "{641FC2C2-50A4-4EE5-8921-6BCA20D93BED}"
EndProject
Project("{9A19103F-16F7-4668-BE54-9A1E7A4F7556}") = "Services", "src\Core\Services\Services.csproj", "{EC2C2FE9-E5F1-401F-9C55-D64E17098434}"
EndProject
Project("{9A19103F-16F7-4668-BE54-9A1E7A4F7556}") = "Services.Abstractions", "src\Core\Services.Abstractions\Services.Abstractions.csproj", "{FEC4BF82-5098-4294-9AB6-CF690C8AD161}"
EndProject
Project("{9A19103F-16F7-4668-BE54-9A1E7A4F7556}") = "Persistence", "src\Infrastructure\Persistence\Persistence.csproj", "{F71E10A4-3750-4AB5-A0B8-11F4FDE44D14}"
EndProject
Project("{9A19103F-16F7-4668-BE54-9A1E7A4F7556}") = "Presentation", "src\Infrastructure\Presentation\Presentation.csproj", "{A3CC36F3-11D7-405F-BC94-A556F8E7DA84}"
EndProject
Project("{9A19103F-16F7-4668-BE54-9A1E7A4F7556}") = "DataTransfertObjects", "src\Core\DataTransfertObjects\DataTransfertObjects.csproj", "{89A595AB-3E27-47B1-AD10-1A1718BD494D}"
EndProject
Project("{9A19103F-16F7-4668-BE54-9A1E7A4F7556}") = "Web", "src\Web\Web.csproj", "{6EFB049F-1860-4F80-9754-5B41AA3D7D61}"
EndProject
Project("{2150E333-8FDC-42A3-9474-1A3956D46DE8}") = "Core", "Core", "{99F494E0-F1F5-4EB1-930A-0354E350C6F7}"
EndProject
Project("{9A19103F-16F7-4668-BE54-9A1E7A4F7556}") = "DataTransfertObjects.Tests", "test\Core\DataTransfertObjects.Tests\DataTransfertObjects.Tests.csproj", "{9D60B279-3262-43DE-AC5A-B8D03AD81ED2}"
EndProject
Global
	GlobalSection(SolutionConfigurationPlatforms) = preSolution
		Debug|Any CPU = Debug|Any CPU
		Release|Any CPU = Release|Any CPU
	EndGlobalSection
	GlobalSection(ProjectConfigurationPlatforms) = postSolution
		{641FC2C2-50A4-4EE5-8921-6BCA20D93BED}.Debug|Any CPU.ActiveCfg = Debug|Any CPU
		{641FC2C2-50A4-4EE5-8921-6BCA20D93BED}.Debug|Any CPU.Build.0 = Debug|Any CPU
		{641FC2C2-50A4-4EE5-8921-6BCA20D93BED}.Release|Any CPU.ActiveCfg = Release|Any CPU
		{641FC2C2-50A4-4EE5-8921-6BCA20D93BED}.Release|Any CPU.Build.0 = Release|Any CPU
		{EC2C2FE9-E5F1-401F-9C55-D64E17098434}.Debug|Any CPU.ActiveCfg = Debug|Any CPU
		{EC2C2FE9-E5F1-401F-9C55-D64E17098434}.Debug|Any CPU.Build.0 = Debug|Any CPU
		{EC2C2FE9-E5F1-401F-9C55-D64E17098434}.Release|Any CPU.ActiveCfg = Release|Any CPU
		{EC2C2FE9-E5F1-401F-9C55-D64E17098434}.Release|Any CPU.Build.0 = Release|Any CPU
		{FEC4BF82-5098-4294-9AB6-CF690C8AD161}.Debug|Any CPU.ActiveCfg = Debug|Any CPU
		{FEC4BF82-5098-4294-9AB6-CF690C8AD161}.Debug|Any CPU.Build.0 = Debug|Any CPU
		{FEC4BF82-5098-4294-9AB6-CF690C8AD161}.Release|Any CPU.ActiveCfg = Release|Any CPU
		{FEC4BF82-5098-4294-9AB6-CF690C8AD161}.Release|Any CPU.Build.0 = Release|Any CPU
		{F71E10A4-3750-4AB5-A0B8-11F4FDE44D14}.Debug|Any CPU.ActiveCfg = Debug|Any CPU
		{F71E10A4-3750-4AB5-A0B8-11F4FDE44D14}.Debug|Any CPU.Build.0 = Debug|Any CPU
		{F71E10A4-3750-4AB5-A0B8-11F4FDE44D14}.Release|Any CPU.ActiveCfg = Release|Any CPU
		{F71E10A4-3750-4AB5-A0B8-11F4FDE44D14}.Release|Any CPU.Build.0 = Release|Any CPU
		{A3CC36F3-11D7-405F-BC94-A556F8E7DA84}.Debug|Any CPU.ActiveCfg = Debug|Any CPU
		{A3CC36F3-11D7-405F-BC94-A556F8E7DA84}.Debug|Any CPU.Build.0 = Debug|Any CPU
		{A3CC36F3-11D7-405F-BC94-A556F8E7DA84}.Release|Any CPU.ActiveCfg = Release|Any CPU
		{A3CC36F3-11D7-405F-BC94-A556F8E7DA84}.Release|Any CPU.Build.0 = Release|Any CPU
		{89A595AB-3E27-47B1-AD10-1A1718BD494D}.Debug|Any CPU.ActiveCfg = Debug|Any CPU
		{89A595AB-3E27-47B1-AD10-1A1718BD494D}.Debug|Any CPU.Build.0 = Debug|Any CPU
		{89A595AB-3E27-47B1-AD10-1A1718BD494D}.Release|Any CPU.ActiveCfg = Release|Any CPU
		{89A595AB-3E27-47B1-AD10-1A1718BD494D}.Release|Any CPU.Build.0 = Release|Any CPU
		{6EFB049F-1860-4F80-9754-5B41AA3D7D61}.Debug|Any CPU.ActiveCfg = Debug|Any CPU
		{6EFB049F-1860-4F80-9754-5B41AA3D7D61}.Debug|Any CPU.Build.0 = Debug|Any CPU
		{6EFB049F-1860-4F80-9754-5B41AA3D7D61}.Release|Any CPU.ActiveCfg = Release|Any CPU
		{6EFB049F-1860-4F80-9754-5B41AA3D7D61}.Release|Any CPU.Build.0 = Release|Any CPU
		{9D60B279-3262-43DE-AC5A-B8D03AD81ED2}.Debug|Any CPU.ActiveCfg = Debug|Any CPU
		{9D60B279-3262-43DE-AC5A-B8D03AD81ED2}.Debug|Any CPU.Build.0 = Debug|Any CPU
		{9D60B279-3262-43DE-AC5A-B8D03AD81ED2}.Release|Any CPU.ActiveCfg = Release|Any CPU
		{9D60B279-3262-43DE-AC5A-B8D03AD81ED2}.Release|Any CPU.Build.0 = Release|Any CPU
	EndGlobalSection
	GlobalSection(SolutionProperties) = preSolution
		HideSolutionNode = FALSE
	EndGlobalSection
	GlobalSection(NestedProjects) = preSolution
		{A3DC3464-9F35-42E4-847C-623E311BE6C5} = {F21AA28A-9C76-4156-A8AC-82051D7D821C}
		{9A3CF5DA-CCE5-4E10-9064-B0E1331711E3} = {F21AA28A-9C76-4156-A8AC-82051D7D821C}
		{641FC2C2-50A4-4EE5-8921-6BCA20D93BED} = {A3DC3464-9F35-42E4-847C-623E311BE6C5}
		{EC2C2FE9-E5F1-401F-9C55-D64E17098434} = {A3DC3464-9F35-42E4-847C-623E311BE6C5}
		{FEC4BF82-5098-4294-9AB6-CF690C8AD161} = {A3DC3464-9F35-42E4-847C-623E311BE6C5}
		{F71E10A4-3750-4AB5-A0B8-11F4FDE44D14} = {9A3CF5DA-CCE5-4E10-9064-B0E1331711E3}
		{A3CC36F3-11D7-405F-BC94-A556F8E7DA84} = {9A3CF5DA-CCE5-4E10-9064-B0E1331711E3}
		{89A595AB-3E27-47B1-AD10-1A1718BD494D} = {A3DC3464-9F35-42E4-847C-623E311BE6C5}
		{6EFB049F-1860-4F80-9754-5B41AA3D7D61} = {F21AA28A-9C76-4156-A8AC-82051D7D821C}
		{99F494E0-F1F5-4EB1-930A-0354E350C6F7} = {71973B41-D453-4762-B890-01E0C9433DFC}
		{9D60B279-3262-43DE-AC5A-B8D03AD81ED2} = {99F494E0-F1F5-4EB1-930A-0354E350C6F7}
	EndGlobalSection
	GlobalSection(ExtensibilityGlobals) = postSolution
		SolutionGuid = {BD4EE0D4-4628-4AA0-9D05-D1ABD69613E8}
	EndGlobalSection
EndGlobal
